
Microsoft Visual Studio Solution File, Format Version 12.00
# Visual Studio Version 16
VisualStudioVersion = 16.0.34031.81
MinimumVisualStudioVersion = 10.0.40219.1
Project("{2150E333-8FDC-42A3-9474-1A3956D46DE8}") = "Task0", "Task0", "{17E347A1-5211-4054-9E34-0574EE8357E8}"
EndProject
Project("{FAE04EC0-301F-11D3-BF4B-00C04F79EFBC}") = "Tyuiu.KushnerovIA.Sprint3.Task0.V5", "Tyuiu.KushnerovIA.Sprint3.Task0.V5\Tyuiu.KushnerovIA.Sprint3.Task0.V5.csproj", "{6DD831BF-E675-4BB0-BB72-77B13B062B2F}"
EndProject
Project("{FAE04EC0-301F-11D3-BF4B-00C04F79EFBC}") = "Tyuiu.KushnerovIA.Sprint3.Task0.V5.Test", "Tyuiu.KushnerovIA.Sprint3.Task0.V5.Test\Tyuiu.KushnerovIA.Sprint3.Task0.V5.Test.csproj", "{FDD6629E-48A9-4EFF-8A7A-6A1276D91DA2}"
EndProject
Project("{FAE04EC0-301F-11D3-BF4B-00C04F79EFBC}") = "Tyuiu.KushnerovIA.Sprint3.Task0.V5.Lib", "Tyuiu.KushnerovIA.Sprint3.Task0.V5.Lib\Tyuiu.KushnerovIA.Sprint3.Task0.V5.Lib.csproj", "{A372B218-B5A7-4EA3-B2B0-4E0D07555F41}"
EndProject
Project("{2150E333-8FDC-42A3-9474-1A3956D46DE8}") = "Task1", "Task1", "{5909AE42-CEDA-4A97-A0C9-1793FC12FA1A}"
EndProject
Project("{FAE04EC0-301F-11D3-BF4B-00C04F79EFBC}") = "Tyuiu.KushnerovIA.Sprint3.Task1.V21", "Tyuiu.KushnerovIA.Sprint3.Task1.V21\Tyuiu.KushnerovIA.Sprint3.Task1.V21.csproj", "{FD1CAB5A-568E-4A2B-8A3D-7630CE4E8448}"
EndProject
Project("{FAE04EC0-301F-11D3-BF4B-00C04F79EFBC}") = "Tyuiu.KushnerovIA.Sprint3.Task1.V21.Lib", "Tyuiu.KushnerovIA.Sprint3.Task1.V21.Lib\Tyuiu.KushnerovIA.Sprint3.Task1.V21.Lib.csproj", "{D5C22AEC-E060-4808-9823-2303B1DD55EB}"
EndProject
Project("{FAE04EC0-301F-11D3-BF4B-00C04F79EFBC}") = "Tyuiu.KushnerovIA.Sprint3.Task1.V21.Test", "Tyuiu.KushnerovIA.Sprint3.Task1.V21.Test\Tyuiu.KushnerovIA.Sprint3.Task1.V21.Test.csproj", "{6E447B98-667E-451D-801E-82BF9292E229}"
EndProject
Project("{2150E333-8FDC-42A3-9474-1A3956D46DE8}") = "Task2", "Task2", "{F7F9E1D6-8F40-4373-B257-0C04B350086D}"
EndProject
Project("{FAE04EC0-301F-11D3-BF4B-00C04F79EFBC}") = "Tyuiu.KushnerovIA.Sprint3.Task2.V9", "Tyuiu.KushnerovIA.Sprint3.Task2.V9\Tyuiu.KushnerovIA.Sprint3.Task2.V9.csproj", "{DCDB9443-25DD-42FF-AF96-445012C1B204}"
EndProject
Project("{FAE04EC0-301F-11D3-BF4B-00C04F79EFBC}") = "Tyuiu.KushnerovIA.Sprint3.Task2.V9.Lib", "Tyuiu.KushnerovIA.Sprint3.Task2.V9.Lib\Tyuiu.KushnerovIA.Sprint3.Task2.V9.Lib.csproj", "{5798EF82-7A15-4534-A4BE-515FBD23B9FA}"
EndProject
Project("{FAE04EC0-301F-11D3-BF4B-00C04F79EFBC}") = "Tyuiu.KushnerovIA.Sprint3.Task2.V9.Test", "Tyuiu.KushnerovIA.Sprint3.Task2.V9.Test\Tyuiu.KushnerovIA.Sprint3.Task2.V9.Test.csproj", "{DD8388F4-1A20-4846-BD1D-34E836FE8DE8}"
EndProject
Project("{2150E333-8FDC-42A3-9474-1A3956D46DE8}") = "Task3", "Task3", "{595EE8C2-7060-4775-A27E-5E62CFBE8639}"
EndProject
Project("{FAE04EC0-301F-11D3-BF4B-00C04F79EFBC}") = "Tyuiu.KushnerovIA.Sprint3.Task3.V1", "Tyuiu.KushnerovIA.Sprint3.Task3.V1\Tyuiu.KushnerovIA.Sprint3.Task3.V1.csproj", "{5661420B-4B80-4272-BC6D-733715C50307}"
EndProject
Project("{FAE04EC0-301F-11D3-BF4B-00C04F79EFBC}") = "Tyuiu.KushnerovIA.Sprint3.Task3.V1.Test", "Tyuiu.KushnerovIA.Sprint3.Task3.V1.Test\Tyuiu.KushnerovIA.Sprint3.Task3.V1.Test.csproj", "{C7D1BF34-D4E9-4E0C-B128-8E6DB43C8195}"
EndProject
Project("{FAE04EC0-301F-11D3-BF4B-00C04F79EFBC}") = "Tyuiu.KushnerovIA.Sprint3.Task3.V1.Lib", "Tyuiu.KushnerovIA.Sprint3.Task3.V1.Lib\Tyuiu.KushnerovIA.Sprint3.Task3.V1.Lib.csproj", "{653D9738-1380-4418-854B-21EDDBDE3721}"
EndProject
Project("{2150E333-8FDC-42A3-9474-1A3956D46DE8}") = "Task4", "Task4", "{1B6503E5-B29C-45EC-9021-D07CD252FDA1}"
EndProject
Project("{FAE04EC0-301F-11D3-BF4B-00C04F79EFBC}") = "Tyuiu.KushnerovIA.Sprint3.Task4.V2", "Tyuiu.KushnerovIA.Sprint3.Task4.V2\Tyuiu.KushnerovIA.Sprint3.Task4.V2.csproj", "{80778C2D-2D02-40DD-92E5-4244CABB617A}"
EndProject
Project("{FAE04EC0-301F-11D3-BF4B-00C04F79EFBC}") = "Tyuiu.KushnerovIA.Sprint3.Task4.V2.Lib", "Tyuiu.KushnerovIA.Sprint3.Task4.V2.Lib\Tyuiu.KushnerovIA.Sprint3.Task4.V2.Lib.csproj", "{ED040D02-DC0E-48EE-B2E9-D164117265DE}"
EndProject
Project("{FAE04EC0-301F-11D3-BF4B-00C04F79EFBC}") = "Tyuiu.KushnerovIA.Sprint3.Task4.V2.Test", "Tyuiu.KushnerovIA.Sprint3.Task4.V2.Test\Tyuiu.KushnerovIA.Sprint3.Task4.V2.Test.csproj", "{D0BCDE14-1716-494D-B876-64DE93EDE128}"
EndProject
Global
	GlobalSection(SolutionConfigurationPlatforms) = preSolution
		Debug|Any CPU = Debug|Any CPU
		Release|Any CPU = Release|Any CPU
	EndGlobalSection
	GlobalSection(ProjectConfigurationPlatforms) = postSolution
		{6DD831BF-E675-4BB0-BB72-77B13B062B2F}.Debug|Any CPU.ActiveCfg = Debug|Any CPU
		{6DD831BF-E675-4BB0-BB72-77B13B062B2F}.Debug|Any CPU.Build.0 = Debug|Any CPU
		{6DD831BF-E675-4BB0-BB72-77B13B062B2F}.Release|Any CPU.ActiveCfg = Release|Any CPU
		{6DD831BF-E675-4BB0-BB72-77B13B062B2F}.Release|Any CPU.Build.0 = Release|Any CPU
		{FDD6629E-48A9-4EFF-8A7A-6A1276D91DA2}.Debug|Any CPU.ActiveCfg = Debug|Any CPU
		{FDD6629E-48A9-4EFF-8A7A-6A1276D91DA2}.Debug|Any CPU.Build.0 = Debug|Any CPU
		{FDD6629E-48A9-4EFF-8A7A-6A1276D91DA2}.Release|Any CPU.ActiveCfg = Release|Any CPU
		{FDD6629E-48A9-4EFF-8A7A-6A1276D91DA2}.Release|Any CPU.Build.0 = Release|Any CPU
		{A372B218-B5A7-4EA3-B2B0-4E0D07555F41}.Debug|Any CPU.ActiveCfg = Debug|Any CPU
		{A372B218-B5A7-4EA3-B2B0-4E0D07555F41}.Debug|Any CPU.Build.0 = Debug|Any CPU
		{A372B218-B5A7-4EA3-B2B0-4E0D07555F41}.Release|Any CPU.ActiveCfg = Release|Any CPU
		{A372B218-B5A7-4EA3-B2B0-4E0D07555F41}.Release|Any CPU.Build.0 = Release|Any CPU
		{FD1CAB5A-568E-4A2B-8A3D-7630CE4E8448}.Debug|Any CPU.ActiveCfg = Debug|Any CPU
		{FD1CAB5A-568E-4A2B-8A3D-7630CE4E8448}.Debug|Any CPU.Build.0 = Debug|Any CPU
		{FD1CAB5A-568E-4A2B-8A3D-7630CE4E8448}.Release|Any CPU.ActiveCfg = Release|Any CPU
		{FD1CAB5A-568E-4A2B-8A3D-7630CE4E8448}.Release|Any CPU.Build.0 = Release|Any CPU
		{D5C22AEC-E060-4808-9823-2303B1DD55EB}.Debug|Any CPU.ActiveCfg = Debug|Any CPU
		{D5C22AEC-E060-4808-9823-2303B1DD55EB}.Debug|Any CPU.Build.0 = Debug|Any CPU
		{D5C22AEC-E060-4808-9823-2303B1DD55EB}.Release|Any CPU.ActiveCfg = Release|Any CPU
		{D5C22AEC-E060-4808-9823-2303B1DD55EB}.Release|Any CPU.Build.0 = Release|Any CPU
		{6E447B98-667E-451D-801E-82BF9292E229}.Debug|Any CPU.ActiveCfg = Debug|Any CPU
		{6E447B98-667E-451D-801E-82BF9292E229}.Debug|Any CPU.Build.0 = Debug|Any CPU
		{6E447B98-667E-451D-801E-82BF9292E229}.Release|Any CPU.ActiveCfg = Release|Any CPU
		{6E447B98-667E-451D-801E-82BF9292E229}.Release|Any CPU.Build.0 = Release|Any CPU
		{DCDB9443-25DD-42FF-AF96-445012C1B204}.Debug|Any CPU.ActiveCfg = Debug|Any CPU
		{DCDB9443-25DD-42FF-AF96-445012C1B204}.Debug|Any CPU.Build.0 = Debug|Any CPU
		{DCDB9443-25DD-42FF-AF96-445012C1B204}.Release|Any CPU.ActiveCfg = Release|Any CPU
		{DCDB9443-25DD-42FF-AF96-445012C1B204}.Release|Any CPU.Build.0 = Release|Any CPU
		{5798EF82-7A15-4534-A4BE-515FBD23B9FA}.Debug|Any CPU.ActiveCfg = Debug|Any CPU
		{5798EF82-7A15-4534-A4BE-515FBD23B9FA}.Debug|Any CPU.Build.0 = Debug|Any CPU
		{5798EF82-7A15-4534-A4BE-515FBD23B9FA}.Release|Any CPU.ActiveCfg = Release|Any CPU
		{5798EF82-7A15-4534-A4BE-515FBD23B9FA}.Release|Any CPU.Build.0 = Release|Any CPU
		{DD8388F4-1A20-4846-BD1D-34E836FE8DE8}.Debug|Any CPU.ActiveCfg = Debug|Any CPU
		{DD8388F4-1A20-4846-BD1D-34E836FE8DE8}.Debug|Any CPU.Build.0 = Debug|Any CPU
		{DD8388F4-1A20-4846-BD1D-34E836FE8DE8}.Release|Any CPU.ActiveCfg = Release|Any CPU
		{DD8388F4-1A20-4846-BD1D-34E836FE8DE8}.Release|Any CPU.Build.0 = Release|Any CPU
		{5661420B-4B80-4272-BC6D-733715C50307}.Debug|Any CPU.ActiveCfg = Debug|Any CPU
		{5661420B-4B80-4272-BC6D-733715C50307}.Debug|Any CPU.Build.0 = Debug|Any CPU
		{5661420B-4B80-4272-BC6D-733715C50307}.Release|Any CPU.ActiveCfg = Release|Any CPU
		{5661420B-4B80-4272-BC6D-733715C50307}.Release|Any CPU.Build.0 = Release|Any CPU
		{C7D1BF34-D4E9-4E0C-B128-8E6DB43C8195}.Debug|Any CPU.ActiveCfg = Debug|Any CPU
		{C7D1BF34-D4E9-4E0C-B128-8E6DB43C8195}.Debug|Any CPU.Build.0 = Debug|Any CPU
		{C7D1BF34-D4E9-4E0C-B128-8E6DB43C8195}.Release|Any CPU.ActiveCfg = Release|Any CPU
		{C7D1BF34-D4E9-4E0C-B128-8E6DB43C8195}.Release|Any CPU.Build.0 = Release|Any CPU
		{653D9738-1380-4418-854B-21EDDBDE3721}.Debug|Any CPU.ActiveCfg = Debug|Any CPU
		{653D9738-1380-4418-854B-21EDDBDE3721}.Debug|Any CPU.Build.0 = Debug|Any CPU
		{653D9738-1380-4418-854B-21EDDBDE3721}.Release|Any CPU.ActiveCfg = Release|Any CPU
		{653D9738-1380-4418-854B-21EDDBDE3721}.Release|Any CPU.Build.0 = Release|Any CPU
		{80778C2D-2D02-40DD-92E5-4244CABB617A}.Debug|Any CPU.ActiveCfg = Debug|Any CPU
		{80778C2D-2D02-40DD-92E5-4244CABB617A}.Debug|Any CPU.Build.0 = Debug|Any CPU
		{80778C2D-2D02-40DD-92E5-4244CABB617A}.Release|Any CPU.ActiveCfg = Release|Any CPU
		{80778C2D-2D02-40DD-92E5-4244CABB617A}.Release|Any CPU.Build.0 = Release|Any CPU
		{ED040D02-DC0E-48EE-B2E9-D164117265DE}.Debug|Any CPU.ActiveCfg = Debug|Any CPU
		{ED040D02-DC0E-48EE-B2E9-D164117265DE}.Debug|Any CPU.Build.0 = Debug|Any CPU
		{ED040D02-DC0E-48EE-B2E9-D164117265DE}.Release|Any CPU.ActiveCfg = Release|Any CPU
		{ED040D02-DC0E-48EE-B2E9-D164117265DE}.Release|Any CPU.Build.0 = Release|Any CPU
		{D0BCDE14-1716-494D-B876-64DE93EDE128}.Debug|Any CPU.ActiveCfg = Debug|Any CPU
		{D0BCDE14-1716-494D-B876-64DE93EDE128}.Debug|Any CPU.Build.0 = Debug|Any CPU
		{D0BCDE14-1716-494D-B876-64DE93EDE128}.Release|Any CPU.ActiveCfg = Release|Any CPU
		{D0BCDE14-1716-494D-B876-64DE93EDE128}.Release|Any CPU.Build.0 = Release|Any CPU
	EndGlobalSection
	GlobalSection(SolutionProperties) = preSolution
		HideSolutionNode = FALSE
	EndGlobalSection
	GlobalSection(NestedProjects) = preSolution
		{6DD831BF-E675-4BB0-BB72-77B13B062B2F} = {17E347A1-5211-4054-9E34-0574EE8357E8}
		{FDD6629E-48A9-4EFF-8A7A-6A1276D91DA2} = {17E347A1-5211-4054-9E34-0574EE8357E8}
		{A372B218-B5A7-4EA3-B2B0-4E0D07555F41} = {17E347A1-5211-4054-9E34-0574EE8357E8}
		{FD1CAB5A-568E-4A2B-8A3D-7630CE4E8448} = {5909AE42-CEDA-4A97-A0C9-1793FC12FA1A}
		{D5C22AEC-E060-4808-9823-2303B1DD55EB} = {5909AE42-CEDA-4A97-A0C9-1793FC12FA1A}
		{6E447B98-667E-451D-801E-82BF9292E229} = {5909AE42-CEDA-4A97-A0C9-1793FC12FA1A}
		{DCDB9443-25DD-42FF-AF96-445012C1B204} = {F7F9E1D6-8F40-4373-B257-0C04B350086D}
		{5798EF82-7A15-4534-A4BE-515FBD23B9FA} = {F7F9E1D6-8F40-4373-B257-0C04B350086D}
		{DD8388F4-1A20-4846-BD1D-34E836FE8DE8} = {F7F9E1D6-8F40-4373-B257-0C04B350086D}
		{5661420B-4B80-4272-BC6D-733715C50307} = {595EE8C2-7060-4775-A27E-5E62CFBE8639}
		{C7D1BF34-D4E9-4E0C-B128-8E6DB43C8195} = {595EE8C2-7060-4775-A27E-5E62CFBE8639}
		{653D9738-1380-4418-854B-21EDDBDE3721} = {595EE8C2-7060-4775-A27E-5E62CFBE8639}
		{80778C2D-2D02-40DD-92E5-4244CABB617A} = {1B6503E5-B29C-45EC-9021-D07CD252FDA1}
		{ED040D02-DC0E-48EE-B2E9-D164117265DE} = {1B6503E5-B29C-45EC-9021-D07CD252FDA1}
		{D0BCDE14-1716-494D-B876-64DE93EDE128} = {1B6503E5-B29C-45EC-9021-D07CD252FDA1}
	EndGlobalSection
	GlobalSection(ExtensibilityGlobals) = postSolution
		SolutionGuid = {4A3C2B44-EA67-4F69-BE29-E495A58F70CB}
	EndGlobalSection
EndGlobal
